
Microsoft Visual Studio Solution File, Format Version 12.00
# Visual Studio 14
VisualStudioVersion = 14.0.25420.1
MinimumVisualStudioVersion = 10.0.40219.1
Project("{FAE04EC0-301F-11D3-BF4B-00C04F79EFBC}") = "JaksMovieDBProject", "JaksMovieDBProject\JaksMovieDBProject.csproj", "{92477E20-1B30-483E-A36D-4F814E01D02E}"
EndProject
Project("{FAE04EC0-301F-11D3-BF4B-00C04F79EFBC}") = "SwagLabsUI", "SwagLabsUI\SwagLabsUI.csproj", "{5CA5C32B-44B2-4470-920E-170BEDF492B4}"
EndProject
Global
	GlobalSection(SolutionConfigurationPlatforms) = preSolution
		Debug|Any CPU = Debug|Any CPU
		Release|Any CPU = Release|Any CPU
	EndGlobalSection
	GlobalSection(ProjectConfigurationPlatforms) = postSolution
		{92477E20-1B30-483E-A36D-4F814E01D02E}.Debug|Any CPU.ActiveCfg = Debug|Any CPU
		{92477E20-1B30-483E-A36D-4F814E01D02E}.Debug|Any CPU.Build.0 = Debug|Any CPU
		{92477E20-1B30-483E-A36D-4F814E01D02E}.Release|Any CPU.ActiveCfg = Release|Any CPU
		{92477E20-1B30-483E-A36D-4F814E01D02E}.Release|Any CPU.Build.0 = Release|Any CPU
		{5CA5C32B-44B2-4470-920E-170BEDF492B4}.Debug|Any CPU.ActiveCfg = Debug|Any CPU
		{5CA5C32B-44B2-4470-920E-170BEDF492B4}.Debug|Any CPU.Build.0 = Debug|Any CPU
		{5CA5C32B-44B2-4470-920E-170BEDF492B4}.Release|Any CPU.ActiveCfg = Release|Any CPU
		{5CA5C32B-44B2-4470-920E-170BEDF492B4}.Release|Any CPU.Build.0 = Release|Any CPU
	EndGlobalSection
	GlobalSection(SolutionProperties) = preSolution
		HideSolutionNode = FALSE
	EndGlobalSection
EndGlobal
